
Microsoft Visual Studio Solution File, Format Version 12.00
# Visual Studio 15
VisualStudioVersion = 15.0.28010.2016
MinimumVisualStudioVersion = 10.0.40219.1
Project("{FAE04EC0-301F-11D3-BF4B-00C04F79EFBC}") = "RomanNumeralsKata", "RomanNumerals\RomanNumeralsKata.csproj", "{E04C7439-87C8-4684-8A04-504FF2AC44B7}"
EndProject
Global
	GlobalSection(SolutionConfigurationPlatforms) = preSolution
		Debug|Any CPU = Debug|Any CPU
		Release|Any CPU = Release|Any CPU
	EndGlobalSection
	GlobalSection(ProjectConfigurationPlatforms) = postSolution
		{E04C7439-87C8-4684-8A04-504FF2AC44B7}.Debug|Any CPU.ActiveCfg = Debug|Any CPU
		{E04C7439-87C8-4684-8A04-504FF2AC44B7}.Debug|Any CPU.Build.0 = Debug|Any CPU
		{E04C7439-87C8-4684-8A04-504FF2AC44B7}.Release|Any CPU.ActiveCfg = Release|Any CPU
		{E04C7439-87C8-4684-8A04-504FF2AC44B7}.Release|Any CPU.Build.0 = Release|Any CPU
	EndGlobalSection
	GlobalSection(SolutionProperties) = preSolution
		HideSolutionNode = FALSE
	EndGlobalSection
	GlobalSection(ExtensibilityGlobals) = postSolution
		SolutionGuid = {02DC9F80-BB02-472A-9A0B-6D94FF3414E7}
	EndGlobalSection
EndGlobal
